// !$*UTF8*$!
{
	archiveVersion = 1;
	classes = {
	};
	objectVersion = 46;
	objects = {

/* Begin PBXBuildFile section */
		4744C6061E293B1F00CF739C /* ShelfGameLogic.swift in Sources */ = {isa = PBXBuildFile; fileRef = 4744C6051E293B1F00CF739C /* ShelfGameLogic.swift */; };
		4772ABF51E2655EC00AA9E57 /* ShelfGameViewController.swift in Sources */ = {isa = PBXBuildFile; fileRef = 4772ABF31E2655EC00AA9E57 /* ShelfGameViewController.swift */; };
		4772ABF61E2655EC00AA9E57 /* ShelfGameViewController.xib in Resources */ = {isa = PBXBuildFile; fileRef = 4772ABF41E2655EC00AA9E57 /* ShelfGameViewController.xib */; };
		4772ABF81E265B7400AA9E57 /* DropItemModel.swift in Sources */ = {isa = PBXBuildFile; fileRef = 4772ABF71E265B7400AA9E57 /* DropItemModel.swift */; };
		479CB0111E168A9300176D02 /* Strings.swift in Sources */ = {isa = PBXBuildFile; fileRef = 479CB0101E168A9300176D02 /* Strings.swift */; };
		479CB0131E168FE000176D02 /* CountdownModel.swift in Sources */ = {isa = PBXBuildFile; fileRef = 479CB0121E168FE000176D02 /* CountdownModel.swift */; };
		47C062291E15274200C25292 /* ExplanationViewController.swift in Sources */ = {isa = PBXBuildFile; fileRef = 47C062271E15274200C25292 /* ExplanationViewController.swift */; };
		47C0622A1E15274200C25292 /* ExplanationViewController.xib in Resources */ = {isa = PBXBuildFile; fileRef = 47C062281E15274200C25292 /* ExplanationViewController.xib */; };
		47C0622D1E15292A00C25292 /* AxeGameViewController.swift in Sources */ = {isa = PBXBuildFile; fileRef = 47C0622B1E15292A00C25292 /* AxeGameViewController.swift */; };
		47C0622E1E15292A00C25292 /* AxeGameViewController.xib in Resources */ = {isa = PBXBuildFile; fileRef = 47C0622C1E15292A00C25292 /* AxeGameViewController.xib */; };
		47C062301E152B0800C25292 /* AccelerometerModel.swift in Sources */ = {isa = PBXBuildFile; fileRef = 47C0622F1E152B0800C25292 /* AccelerometerModel.swift */; };
		47C062331E152B8100C25292 /* ResultViewController.swift in Sources */ = {isa = PBXBuildFile; fileRef = 47C062311E152B8100C25292 /* ResultViewController.swift */; };
		47C062341E152B8100C25292 /* ResultViewController.xib in Resources */ = {isa = PBXBuildFile; fileRef = 47C062321E152B8100C25292 /* ResultViewController.xib */; };
		47C0623D1E1542EC00C25292 /* Games.swift in Sources */ = {isa = PBXBuildFile; fileRef = 47C0623C1E1542EC00C25292 /* Games.swift */; };
		6A2ACBD71E32035D00118070 /* NotificationCenterKeys.swift in Sources */ = {isa = PBXBuildFile; fileRef = 6A2ACBD61E32035D00118070 /* NotificationCenterKeys.swift */; };
		6A2ACBDD1E321ED100118070 /* ItemDecoder.swift in Sources */ = {isa = PBXBuildFile; fileRef = 6A2ACBDC1E321ED100118070 /* ItemDecoder.swift */; };
		6A4AA0641E2B063D00834712 /* Definitions.swift in Sources */ = {isa = PBXBuildFile; fileRef = 6A4AA0631E2B063D00834712 /* Definitions.swift */; };
		6A4AA06E1E2BF50700834712 /* BTLECentralModel.swift in Sources */ = {isa = PBXBuildFile; fileRef = 6A4AA06D1E2BF50700834712 /* BTLECentralModel.swift */; };
		6A4AA0701E2BF51600834712 /* BTLEPeripheralModel.swift in Sources */ = {isa = PBXBuildFile; fileRef = 6A4AA06F1E2BF51600834712 /* BTLEPeripheralModel.swift */; };
		6A4AA0721E30E9C900834712 /* ConnectingDelegate.swift in Sources */ = {isa = PBXBuildFile; fileRef = 6A4AA0711E30E9C900834712 /* ConnectingDelegate.swift */; };
		6AB8F0401E39F13000C18953 /* BluetoothController.swift in Sources */ = {isa = PBXBuildFile; fileRef = 6AB8F03F1E39F13000C18953 /* BluetoothController.swift */; };
		841ED7661E39048C00210F31 /* AlarmItem.swift in Sources */ = {isa = PBXBuildFile; fileRef = 841ED7651E39048C00210F31 /* AlarmItem.swift */; };
		841ED7691E39061E00210F31 /* SimonSaysViewController.swift in Sources */ = {isa = PBXBuildFile; fileRef = 841ED7671E39061E00210F31 /* SimonSaysViewController.swift */; };
		841ED76A1E39061E00210F31 /* SimonSaysViewController.xib in Resources */ = {isa = PBXBuildFile; fileRef = 841ED7681E39061E00210F31 /* SimonSaysViewController.xib */; };
		841ED76C1E3906F300210F31 /* SimonSaysModel.swift in Sources */ = {isa = PBXBuildFile; fileRef = 841ED76B1E3906F300210F31 /* SimonSaysModel.swift */; };
		841ED76E1E39072700210F31 /* StopwatchTimer.swift in Sources */ = {isa = PBXBuildFile; fileRef = 841ED76D1E39072700210F31 /* StopwatchTimer.swift */; };
		841ED7701E391D9100210F31 /* SeitenschneiderItem.swift in Sources */ = {isa = PBXBuildFile; fileRef = 841ED76F1E391D9100210F31 /* SeitenschneiderItem.swift */; };
		841ED7731E391EE200210F31 /* SeitenschneiderViewController.swift in Sources */ = {isa = PBXBuildFile; fileRef = 841ED7711E391EE200210F31 /* SeitenschneiderViewController.swift */; };
		841ED7741E391EE300210F31 /* SeitenschneiderViewController.xib in Resources */ = {isa = PBXBuildFile; fileRef = 841ED7721E391EE200210F31 /* SeitenschneiderViewController.xib */; };
		841ED7761E392E1800210F31 /* CableModel.swift in Sources */ = {isa = PBXBuildFile; fileRef = 841ED7751E392E1800210F31 /* CableModel.swift */; };
		841ED7781E39312700210F31 /* SeitenschneiderModel.swift in Sources */ = {isa = PBXBuildFile; fileRef = 841ED7771E39312700210F31 /* SeitenschneiderModel.swift */; };
		8497B59F1DE6FFC60039E35C /* AppDelegate.swift in Sources */ = {isa = PBXBuildFile; fileRef = 8497B59E1DE6FFC60039E35C /* AppDelegate.swift */; };
		8497B5AB1DE6FFC60039E35C /* LaunchScreen.storyboard in Resources */ = {isa = PBXBuildFile; fileRef = 8497B5A91DE6FFC60039E35C /* LaunchScreen.storyboard */; };
		8497B5B61DE6FFC60039E35C /* KlausTests.swift in Sources */ = {isa = PBXBuildFile; fileRef = 8497B5B51DE6FFC60039E35C /* KlausTests.swift */; };
		8497B5C11DE6FFC60039E35C /* KlausUITests.swift in Sources */ = {isa = PBXBuildFile; fileRef = 8497B5C01DE6FFC60039E35C /* KlausUITests.swift */; };
		FA161E211E07F87E001450E8 /* ItemCollectionViewController.swift in Sources */ = {isa = PBXBuildFile; fileRef = FA161E201E07F87E001450E8 /* ItemCollectionViewController.swift */; };
		FA161E231E07F957001450E8 /* PlayerProfile.swift in Sources */ = {isa = PBXBuildFile; fileRef = FA161E221E07F957001450E8 /* PlayerProfile.swift */; };
		FA161E251E07FD29001450E8 /* Item.swift in Sources */ = {isa = PBXBuildFile; fileRef = FA161E241E07FD29001450E8 /* Item.swift */; };
		FA2A05141E1569390079CD2A /* Profile.swift in Sources */ = {isa = PBXBuildFile; fileRef = FA2A05131E1569390079CD2A /* Profile.swift */; };
		FA2A05161E15694C0079CD2A /* EnemyProfile.swift in Sources */ = {isa = PBXBuildFile; fileRef = FA2A05151E15694C0079CD2A /* EnemyProfile.swift */; };
		FA2A05181E15725E0079CD2A /* AppModel.swift in Sources */ = {isa = PBXBuildFile; fileRef = FA2A05171E15725D0079CD2A /* AppModel.swift */; };
		FA6E5B0A1E08380600F88FFC /* ItemCollectionViewCell.swift in Sources */ = {isa = PBXBuildFile; fileRef = FA6E5B091E08380600F88FFC /* ItemCollectionViewCell.swift */; };
		FA8D53381E33B3C400C96370 /* AxeItem.swift in Sources */ = {isa = PBXBuildFile; fileRef = FA8D53371E33B3C400C96370 /* AxeItem.swift */; };
		FA8D533A1E33B40900C96370 /* CoffeeItem.swift in Sources */ = {isa = PBXBuildFile; fileRef = FA8D53391E33B40900C96370 /* CoffeeItem.swift */; };
		FA8D534A1E34139600C96370 /* LoginViewController.swift in Sources */ = {isa = PBXBuildFile; fileRef = FA8D53491E34139600C96370 /* LoginViewController.swift */; };
		FA8D534C1E341A1300C96370 /* TutorialPageViewController.swift in Sources */ = {isa = PBXBuildFile; fileRef = FA8D534B1E341A1300C96370 /* TutorialPageViewController.swift */; };
		FA8D534E1E341E7B00C96370 /* AvatarViewController.swift in Sources */ = {isa = PBXBuildFile; fileRef = FA8D534D1E341E7B00C96370 /* AvatarViewController.swift */; };
		FAB1C45E1E0ED45C00981731 /* ItemCollectionView.swift in Sources */ = {isa = PBXBuildFile; fileRef = FAB1C45D1E0ED45C00981731 /* ItemCollectionView.swift */; };
		FAB1C4641E0FDE5F00981731 /* ProfileView.swift in Sources */ = {isa = PBXBuildFile; fileRef = FAB1C4631E0FDE5F00981731 /* ProfileView.swift */; };
		FAB1C4661E0FE20800981731 /* ProfileViewController.swift in Sources */ = {isa = PBXBuildFile; fileRef = FAB1C4651E0FE20800981731 /* ProfileViewController.swift */; };
		FAB1C4681E117DFF00981731 /* ItemDetailViewController.swift in Sources */ = {isa = PBXBuildFile; fileRef = FAB1C4671E117DFF00981731 /* ItemDetailViewController.swift */; };
		FAB1C46A1E117E1800981731 /* ItemDetailView.swift in Sources */ = {isa = PBXBuildFile; fileRef = FAB1C4691E117E1800981731 /* ItemDetailView.swift */; };
		FAB1C46C1E11AB9600981731 /* Style.swift in Sources */ = {isa = PBXBuildFile; fileRef = FAB1C46B1E11AB9600981731 /* Style.swift */; };
		FAB1C4701E11BA8800981731 /* MainTabBarController.swift in Sources */ = {isa = PBXBuildFile; fileRef = FAB1C46F1E11BA8800981731 /* MainTabBarController.swift */; };
		FAB1C4741E13EDAB00981731 /* EnemyTableViewController.swift in Sources */ = {isa = PBXBuildFile; fileRef = FAB1C4731E13EDAA00981731 /* EnemyTableViewController.swift */; };
		FAB1C4761E13EDFB00981731 /* EnemyTableView.swift in Sources */ = {isa = PBXBuildFile; fileRef = FAB1C4751E13EDFB00981731 /* EnemyTableView.swift */; };
		FAB1C4781E13F12C00981731 /* EnemyTableViewCell.swift in Sources */ = {isa = PBXBuildFile; fileRef = FAB1C4771E13F12C00981731 /* EnemyTableViewCell.swift */; };
		FAB1C47A1E13FCA700981731 /* EnemyListViewController.swift in Sources */ = {isa = PBXBuildFile; fileRef = FAB1C4791E13FCA700981731 /* EnemyListViewController.swift */; };
		FAB1C47C1E13FCC000981731 /* EnemyListView.swift in Sources */ = {isa = PBXBuildFile; fileRef = FAB1C47B1E13FCC000981731 /* EnemyListView.swift */; };
		FAB1C47E1E14056D00981731 /* PlayerProfileViewController.swift in Sources */ = {isa = PBXBuildFile; fileRef = FAB1C47D1E14056D00981731 /* PlayerProfileViewController.swift */; };
		FAB1C4801E14081E00981731 /* PlayerItemDetailViewController.swift in Sources */ = {isa = PBXBuildFile; fileRef = FAB1C47F1E14081E00981731 /* PlayerItemDetailViewController.swift */; };
		FAB1C4821E14087E00981731 /* EnemyItemDetailViewController.swift in Sources */ = {isa = PBXBuildFile; fileRef = FAB1C4811E14087E00981731 /* EnemyItemDetailViewController.swift */; };
		FAB1C4841E14089E00981731 /* EnemyProfileViewController.swift in Sources */ = {isa = PBXBuildFile; fileRef = FAB1C4831E14089E00981731 /* EnemyProfileViewController.swift */; };
		FAB1C4861E14108700981731 /* PlayerItemCollectionViewController.swift in Sources */ = {isa = PBXBuildFile; fileRef = FAB1C4851E14108700981731 /* PlayerItemCollectionViewController.swift */; };
		FAB1C4881E1410A900981731 /* EnemyItemCollectionViewController.swift in Sources */ = {isa = PBXBuildFile; fileRef = FAB1C4871E1410A900981731 /* EnemyItemCollectionViewController.swift */; };
		FAB1C48A1E14144000981731 /* PlayerItemCollectionViewCell.swift in Sources */ = {isa = PBXBuildFile; fileRef = FAB1C4891E14144000981731 /* PlayerItemCollectionViewCell.swift */; };
		FAB1C4901E141F1600981731 /* EnemyItemCollectionViewCell.swift in Sources */ = {isa = PBXBuildFile; fileRef = FAB1C48F1E141F1600981731 /* EnemyItemCollectionViewCell.swift */; };
		FAB4B3151E38CE65003408FE /* Config.swift in Sources */ = {isa = PBXBuildFile; fileRef = FAB4B3141E38CE65003408FE /* Config.swift */; };
		FAB4B3171E38D947003408FE /* Assets.xcassets in Resources */ = {isa = PBXBuildFile; fileRef = FAB4B3161E38D946003408FE /* Assets.xcassets */; };
		FABB862D1E39F852003657CC /* Color.swift in Sources */ = {isa = PBXBuildFile; fileRef = FABB862C1E39F851003657CC /* Color.swift */; };
/* End PBXBuildFile section */

/* Begin PBXContainerItemProxy section */
		8497B5B21DE6FFC60039E35C /* PBXContainerItemProxy */ = {
			isa = PBXContainerItemProxy;
			containerPortal = 8497B5931DE6FFC60039E35C /* Project object */;
			proxyType = 1;
			remoteGlobalIDString = 8497B59A1DE6FFC60039E35C;
			remoteInfo = Klaus;
		};
		8497B5BD1DE6FFC60039E35C /* PBXContainerItemProxy */ = {
			isa = PBXContainerItemProxy;
			containerPortal = 8497B5931DE6FFC60039E35C /* Project object */;
			proxyType = 1;
			remoteGlobalIDString = 8497B59A1DE6FFC60039E35C;
			remoteInfo = Klaus;
		};
/* End PBXContainerItemProxy section */

/* Begin PBXFileReference section */
		4744C6051E293B1F00CF739C /* ShelfGameLogic.swift */ = {isa = PBXFileReference; fileEncoding = 4; lastKnownFileType = sourcecode.swift; path = ShelfGameLogic.swift; sourceTree = "<group>"; };
		4772ABF31E2655EC00AA9E57 /* ShelfGameViewController.swift */ = {isa = PBXFileReference; fileEncoding = 4; lastKnownFileType = sourcecode.swift; name = ShelfGameViewController.swift; path = ../ShelfGameViewController.swift; sourceTree = "<group>"; };
		4772ABF41E2655EC00AA9E57 /* ShelfGameViewController.xib */ = {isa = PBXFileReference; fileEncoding = 4; lastKnownFileType = file.xib; name = ShelfGameViewController.xib; path = ../ShelfGameViewController.xib; sourceTree = "<group>"; };
		4772ABF71E265B7400AA9E57 /* DropItemModel.swift */ = {isa = PBXFileReference; fileEncoding = 4; lastKnownFileType = sourcecode.swift; path = DropItemModel.swift; sourceTree = "<group>"; };
		479CB0101E168A9300176D02 /* Strings.swift */ = {isa = PBXFileReference; fileEncoding = 4; lastKnownFileType = sourcecode.swift; path = Strings.swift; sourceTree = "<group>"; };
		479CB0121E168FE000176D02 /* CountdownModel.swift */ = {isa = PBXFileReference; fileEncoding = 4; lastKnownFileType = sourcecode.swift; path = CountdownModel.swift; sourceTree = "<group>"; };
		47C062271E15274200C25292 /* ExplanationViewController.swift */ = {isa = PBXFileReference; fileEncoding = 4; lastKnownFileType = sourcecode.swift; path = ExplanationViewController.swift; sourceTree = "<group>"; };
		47C062281E15274200C25292 /* ExplanationViewController.xib */ = {isa = PBXFileReference; fileEncoding = 4; lastKnownFileType = file.xib; path = ExplanationViewController.xib; sourceTree = "<group>"; };
		47C0622B1E15292A00C25292 /* AxeGameViewController.swift */ = {isa = PBXFileReference; fileEncoding = 4; lastKnownFileType = sourcecode.swift; path = AxeGameViewController.swift; sourceTree = "<group>"; };
		47C0622C1E15292A00C25292 /* AxeGameViewController.xib */ = {isa = PBXFileReference; fileEncoding = 4; lastKnownFileType = file.xib; path = AxeGameViewController.xib; sourceTree = "<group>"; };
		47C0622F1E152B0800C25292 /* AccelerometerModel.swift */ = {isa = PBXFileReference; fileEncoding = 4; lastKnownFileType = sourcecode.swift; path = AccelerometerModel.swift; sourceTree = "<group>"; };
		47C062311E152B8100C25292 /* ResultViewController.swift */ = {isa = PBXFileReference; fileEncoding = 4; lastKnownFileType = sourcecode.swift; path = ResultViewController.swift; sourceTree = "<group>"; };
		47C062321E152B8100C25292 /* ResultViewController.xib */ = {isa = PBXFileReference; fileEncoding = 4; lastKnownFileType = file.xib; path = ResultViewController.xib; sourceTree = "<group>"; };
		47C0623C1E1542EC00C25292 /* Games.swift */ = {isa = PBXFileReference; fileEncoding = 4; lastKnownFileType = sourcecode.swift; path = Games.swift; sourceTree = "<group>"; };
		6A2ACBD61E32035D00118070 /* NotificationCenterKeys.swift */ = {isa = PBXFileReference; fileEncoding = 4; lastKnownFileType = sourcecode.swift; path = NotificationCenterKeys.swift; sourceTree = "<group>"; };
		6A2ACBDC1E321ED100118070 /* ItemDecoder.swift */ = {isa = PBXFileReference; fileEncoding = 4; lastKnownFileType = sourcecode.swift; path = ItemDecoder.swift; sourceTree = "<group>"; };
		6A4AA0631E2B063D00834712 /* Definitions.swift */ = {isa = PBXFileReference; fileEncoding = 4; lastKnownFileType = sourcecode.swift; path = Definitions.swift; sourceTree = "<group>"; };
		6A4AA06D1E2BF50700834712 /* BTLECentralModel.swift */ = {isa = PBXFileReference; fileEncoding = 4; lastKnownFileType = sourcecode.swift; path = BTLECentralModel.swift; sourceTree = "<group>"; };
		6A4AA06F1E2BF51600834712 /* BTLEPeripheralModel.swift */ = {isa = PBXFileReference; fileEncoding = 4; lastKnownFileType = sourcecode.swift; path = BTLEPeripheralModel.swift; sourceTree = "<group>"; };
		6A4AA0711E30E9C900834712 /* ConnectingDelegate.swift */ = {isa = PBXFileReference; fileEncoding = 4; lastKnownFileType = sourcecode.swift; path = ConnectingDelegate.swift; sourceTree = "<group>"; };
		6AB8F03F1E39F13000C18953 /* BluetoothController.swift */ = {isa = PBXFileReference; fileEncoding = 4; lastKnownFileType = sourcecode.swift; path = BluetoothController.swift; sourceTree = "<group>"; };
		841ED7651E39048C00210F31 /* AlarmItem.swift */ = {isa = PBXFileReference; fileEncoding = 4; lastKnownFileType = sourcecode.swift; path = AlarmItem.swift; sourceTree = "<group>"; };
		841ED7671E39061E00210F31 /* SimonSaysViewController.swift */ = {isa = PBXFileReference; fileEncoding = 4; lastKnownFileType = sourcecode.swift; path = SimonSaysViewController.swift; sourceTree = "<group>"; };
		841ED7681E39061E00210F31 /* SimonSaysViewController.xib */ = {isa = PBXFileReference; fileEncoding = 4; lastKnownFileType = file.xib; path = SimonSaysViewController.xib; sourceTree = "<group>"; };
		841ED76B1E3906F300210F31 /* SimonSaysModel.swift */ = {isa = PBXFileReference; fileEncoding = 4; lastKnownFileType = sourcecode.swift; path = SimonSaysModel.swift; sourceTree = "<group>"; };
		841ED76D1E39072700210F31 /* StopwatchTimer.swift */ = {isa = PBXFileReference; fileEncoding = 4; lastKnownFileType = sourcecode.swift; path = StopwatchTimer.swift; sourceTree = "<group>"; };
		841ED76F1E391D9100210F31 /* SeitenschneiderItem.swift */ = {isa = PBXFileReference; fileEncoding = 4; lastKnownFileType = sourcecode.swift; path = SeitenschneiderItem.swift; sourceTree = "<group>"; };
		841ED7711E391EE200210F31 /* SeitenschneiderViewController.swift */ = {isa = PBXFileReference; fileEncoding = 4; lastKnownFileType = sourcecode.swift; path = SeitenschneiderViewController.swift; sourceTree = "<group>"; };
		841ED7721E391EE200210F31 /* SeitenschneiderViewController.xib */ = {isa = PBXFileReference; fileEncoding = 4; lastKnownFileType = file.xib; path = SeitenschneiderViewController.xib; sourceTree = "<group>"; };
		841ED7751E392E1800210F31 /* CableModel.swift */ = {isa = PBXFileReference; fileEncoding = 4; lastKnownFileType = sourcecode.swift; path = CableModel.swift; sourceTree = "<group>"; };
		841ED7771E39312700210F31 /* SeitenschneiderModel.swift */ = {isa = PBXFileReference; fileEncoding = 4; lastKnownFileType = sourcecode.swift; path = SeitenschneiderModel.swift; sourceTree = "<group>"; };
		8497B59B1DE6FFC60039E35C /* Klaus.app */ = {isa = PBXFileReference; explicitFileType = wrapper.application; includeInIndex = 0; path = Klaus.app; sourceTree = BUILT_PRODUCTS_DIR; };
		8497B59E1DE6FFC60039E35C /* AppDelegate.swift */ = {isa = PBXFileReference; lastKnownFileType = sourcecode.swift; path = AppDelegate.swift; sourceTree = "<group>"; };
		8497B5AA1DE6FFC60039E35C /* Base */ = {isa = PBXFileReference; lastKnownFileType = file.storyboard; name = Base; path = Base.lproj/LaunchScreen.storyboard; sourceTree = "<group>"; };
		8497B5AC1DE6FFC60039E35C /* Info.plist */ = {isa = PBXFileReference; lastKnownFileType = text.plist.xml; path = Info.plist; sourceTree = "<group>"; };
		8497B5B11DE6FFC60039E35C /* KlausTests.xctest */ = {isa = PBXFileReference; explicitFileType = wrapper.cfbundle; includeInIndex = 0; path = KlausTests.xctest; sourceTree = BUILT_PRODUCTS_DIR; };
		8497B5B51DE6FFC60039E35C /* KlausTests.swift */ = {isa = PBXFileReference; lastKnownFileType = sourcecode.swift; path = KlausTests.swift; sourceTree = "<group>"; };
		8497B5B71DE6FFC60039E35C /* Info.plist */ = {isa = PBXFileReference; lastKnownFileType = text.plist.xml; path = Info.plist; sourceTree = "<group>"; };
		8497B5BC1DE6FFC60039E35C /* KlausUITests.xctest */ = {isa = PBXFileReference; explicitFileType = wrapper.cfbundle; includeInIndex = 0; path = KlausUITests.xctest; sourceTree = BUILT_PRODUCTS_DIR; };
		8497B5C01DE6FFC60039E35C /* KlausUITests.swift */ = {isa = PBXFileReference; lastKnownFileType = sourcecode.swift; path = KlausUITests.swift; sourceTree = "<group>"; };
		8497B5C21DE6FFC60039E35C /* Info.plist */ = {isa = PBXFileReference; lastKnownFileType = text.plist.xml; path = Info.plist; sourceTree = "<group>"; };
		FA161E201E07F87E001450E8 /* ItemCollectionViewController.swift */ = {isa = PBXFileReference; fileEncoding = 4; lastKnownFileType = sourcecode.swift; path = ItemCollectionViewController.swift; sourceTree = "<group>"; };
		FA161E221E07F957001450E8 /* PlayerProfile.swift */ = {isa = PBXFileReference; fileEncoding = 4; lastKnownFileType = sourcecode.swift; path = PlayerProfile.swift; sourceTree = "<group>"; };
		FA161E241E07FD29001450E8 /* Item.swift */ = {isa = PBXFileReference; fileEncoding = 4; lastKnownFileType = sourcecode.swift; path = Item.swift; sourceTree = "<group>"; };
		FA2A05131E1569390079CD2A /* Profile.swift */ = {isa = PBXFileReference; fileEncoding = 4; lastKnownFileType = sourcecode.swift; path = Profile.swift; sourceTree = "<group>"; };
		FA2A05151E15694C0079CD2A /* EnemyProfile.swift */ = {isa = PBXFileReference; fileEncoding = 4; lastKnownFileType = sourcecode.swift; path = EnemyProfile.swift; sourceTree = "<group>"; };
		FA2A05171E15725D0079CD2A /* AppModel.swift */ = {isa = PBXFileReference; fileEncoding = 4; lastKnownFileType = sourcecode.swift; path = AppModel.swift; sourceTree = "<group>"; };
		FA6E5B091E08380600F88FFC /* ItemCollectionViewCell.swift */ = {isa = PBXFileReference; fileEncoding = 4; lastKnownFileType = sourcecode.swift; path = ItemCollectionViewCell.swift; sourceTree = "<group>"; };
		FA8D53371E33B3C400C96370 /* AxeItem.swift */ = {isa = PBXFileReference; fileEncoding = 4; lastKnownFileType = sourcecode.swift; path = AxeItem.swift; sourceTree = "<group>"; };
		FA8D53391E33B40900C96370 /* CoffeeItem.swift */ = {isa = PBXFileReference; fileEncoding = 4; lastKnownFileType = sourcecode.swift; path = CoffeeItem.swift; sourceTree = "<group>"; };
		FA8D53491E34139600C96370 /* LoginViewController.swift */ = {isa = PBXFileReference; fileEncoding = 4; lastKnownFileType = sourcecode.swift; path = LoginViewController.swift; sourceTree = "<group>"; };
		FA8D534B1E341A1300C96370 /* TutorialPageViewController.swift */ = {isa = PBXFileReference; fileEncoding = 4; lastKnownFileType = sourcecode.swift; path = TutorialPageViewController.swift; sourceTree = "<group>"; };
		FA8D534D1E341E7B00C96370 /* AvatarViewController.swift */ = {isa = PBXFileReference; fileEncoding = 4; lastKnownFileType = sourcecode.swift; path = AvatarViewController.swift; sourceTree = "<group>"; };
		FAB1C45D1E0ED45C00981731 /* ItemCollectionView.swift */ = {isa = PBXFileReference; fileEncoding = 4; lastKnownFileType = sourcecode.swift; path = ItemCollectionView.swift; sourceTree = "<group>"; };
		FAB1C4631E0FDE5F00981731 /* ProfileView.swift */ = {isa = PBXFileReference; fileEncoding = 4; lastKnownFileType = sourcecode.swift; path = ProfileView.swift; sourceTree = "<group>"; };
		FAB1C4651E0FE20800981731 /* ProfileViewController.swift */ = {isa = PBXFileReference; fileEncoding = 4; lastKnownFileType = sourcecode.swift; path = ProfileViewController.swift; sourceTree = "<group>"; };
		FAB1C4671E117DFF00981731 /* ItemDetailViewController.swift */ = {isa = PBXFileReference; fileEncoding = 4; lastKnownFileType = sourcecode.swift; path = ItemDetailViewController.swift; sourceTree = "<group>"; };
		FAB1C4691E117E1800981731 /* ItemDetailView.swift */ = {isa = PBXFileReference; fileEncoding = 4; lastKnownFileType = sourcecode.swift; path = ItemDetailView.swift; sourceTree = "<group>"; };
		FAB1C46B1E11AB9600981731 /* Style.swift */ = {isa = PBXFileReference; fileEncoding = 4; lastKnownFileType = sourcecode.swift; path = Style.swift; sourceTree = "<group>"; };
		FAB1C46F1E11BA8800981731 /* MainTabBarController.swift */ = {isa = PBXFileReference; fileEncoding = 4; lastKnownFileType = sourcecode.swift; path = MainTabBarController.swift; sourceTree = "<group>"; };
		FAB1C4731E13EDAA00981731 /* EnemyTableViewController.swift */ = {isa = PBXFileReference; fileEncoding = 4; lastKnownFileType = sourcecode.swift; path = EnemyTableViewController.swift; sourceTree = "<group>"; };
		FAB1C4751E13EDFB00981731 /* EnemyTableView.swift */ = {isa = PBXFileReference; fileEncoding = 4; lastKnownFileType = sourcecode.swift; path = EnemyTableView.swift; sourceTree = "<group>"; };
		FAB1C4771E13F12C00981731 /* EnemyTableViewCell.swift */ = {isa = PBXFileReference; fileEncoding = 4; lastKnownFileType = sourcecode.swift; name = EnemyTableViewCell.swift; path = ../EnemyTableViewCell.swift; sourceTree = "<group>"; };
		FAB1C4791E13FCA700981731 /* EnemyListViewController.swift */ = {isa = PBXFileReference; fileEncoding = 4; lastKnownFileType = sourcecode.swift; path = EnemyListViewController.swift; sourceTree = "<group>"; };
		FAB1C47B1E13FCC000981731 /* EnemyListView.swift */ = {isa = PBXFileReference; fileEncoding = 4; lastKnownFileType = sourcecode.swift; path = EnemyListView.swift; sourceTree = "<group>"; };
		FAB1C47D1E14056D00981731 /* PlayerProfileViewController.swift */ = {isa = PBXFileReference; fileEncoding = 4; lastKnownFileType = sourcecode.swift; path = PlayerProfileViewController.swift; sourceTree = "<group>"; };
		FAB1C47F1E14081E00981731 /* PlayerItemDetailViewController.swift */ = {isa = PBXFileReference; fileEncoding = 4; lastKnownFileType = sourcecode.swift; path = PlayerItemDetailViewController.swift; sourceTree = "<group>"; };
		FAB1C4811E14087E00981731 /* EnemyItemDetailViewController.swift */ = {isa = PBXFileReference; fileEncoding = 4; lastKnownFileType = sourcecode.swift; path = EnemyItemDetailViewController.swift; sourceTree = "<group>"; };
		FAB1C4831E14089E00981731 /* EnemyProfileViewController.swift */ = {isa = PBXFileReference; fileEncoding = 4; lastKnownFileType = sourcecode.swift; path = EnemyProfileViewController.swift; sourceTree = "<group>"; };
		FAB1C4851E14108700981731 /* PlayerItemCollectionViewController.swift */ = {isa = PBXFileReference; fileEncoding = 4; lastKnownFileType = sourcecode.swift; path = PlayerItemCollectionViewController.swift; sourceTree = "<group>"; };
		FAB1C4871E1410A900981731 /* EnemyItemCollectionViewController.swift */ = {isa = PBXFileReference; fileEncoding = 4; lastKnownFileType = sourcecode.swift; path = EnemyItemCollectionViewController.swift; sourceTree = "<group>"; };
		FAB1C4891E14144000981731 /* PlayerItemCollectionViewCell.swift */ = {isa = PBXFileReference; fileEncoding = 4; lastKnownFileType = sourcecode.swift; path = PlayerItemCollectionViewCell.swift; sourceTree = "<group>"; };
		FAB1C48F1E141F1600981731 /* EnemyItemCollectionViewCell.swift */ = {isa = PBXFileReference; fileEncoding = 4; lastKnownFileType = sourcecode.swift; path = EnemyItemCollectionViewCell.swift; sourceTree = "<group>"; };
		FAB4B3141E38CE65003408FE /* Config.swift */ = {isa = PBXFileReference; fileEncoding = 4; lastKnownFileType = sourcecode.swift; path = Config.swift; sourceTree = "<group>"; };
		FAB4B3161E38D946003408FE /* Assets.xcassets */ = {isa = PBXFileReference; lastKnownFileType = folder.assetcatalog; path = Assets.xcassets; sourceTree = "<group>"; };
		FABB862C1E39F851003657CC /* Color.swift */ = {isa = PBXFileReference; fileEncoding = 4; lastKnownFileType = sourcecode.swift; path = Color.swift; sourceTree = "<group>"; };
/* End PBXFileReference section */

/* Begin PBXFrameworksBuildPhase section */
		8497B5981DE6FFC60039E35C /* Frameworks */ = {
			isa = PBXFrameworksBuildPhase;
			buildActionMask = 2147483647;
			files = (
			);
			runOnlyForDeploymentPostprocessing = 0;
		};
		8497B5AE1DE6FFC60039E35C /* Frameworks */ = {
			isa = PBXFrameworksBuildPhase;
			buildActionMask = 2147483647;
			files = (
			);
			runOnlyForDeploymentPostprocessing = 0;
		};
		8497B5B91DE6FFC60039E35C /* Frameworks */ = {
			isa = PBXFrameworksBuildPhase;
			buildActionMask = 2147483647;
			files = (
			);
			runOnlyForDeploymentPostprocessing = 0;
		};
/* End PBXFrameworksBuildPhase section */

/* Begin PBXGroup section */
		4744C6071E29419D00CF739C /* GameLogic */ = {
			isa = PBXGroup;
			children = (
				4744C6051E293B1F00CF739C /* ShelfGameLogic.swift */,
			);
			name = GameLogic;
			sourceTree = "<group>";
		};
		47C062351E152EA900C25292 /* Controller */ = {
			isa = PBXGroup;
			children = (
				47C062271E15274200C25292 /* ExplanationViewController.swift */,
				4772ABF31E2655EC00AA9E57 /* ShelfGameViewController.swift */,
				47C0622B1E15292A00C25292 /* AxeGameViewController.swift */,
				47C062311E152B8100C25292 /* ResultViewController.swift */,
				841ED7671E39061E00210F31 /* SimonSaysViewController.swift */,
				841ED7711E391EE200210F31 /* SeitenschneiderViewController.swift */,
			);
			name = Controller;
			sourceTree = "<group>";
		};
		47C062361E152EB900C25292 /* XIB */ = {
			isa = PBXGroup;
			children = (
				841ED7721E391EE200210F31 /* SeitenschneiderViewController.xib */,
				47C062281E15274200C25292 /* ExplanationViewController.xib */,
				841ED7681E39061E00210F31 /* SimonSaysViewController.xib */,
				47C062321E152B8100C25292 /* ResultViewController.xib */,
				4772ABF41E2655EC00AA9E57 /* ShelfGameViewController.xib */,
				47C0622C1E15292A00C25292 /* AxeGameViewController.xib */,
			);
			name = XIB;
			sourceTree = "<group>";
		};
		47C062371E152ED500C25292 /* Model */ = {
			isa = PBXGroup;
			children = (
				47C0622F1E152B0800C25292 /* AccelerometerModel.swift */,
				47C0623C1E1542EC00C25292 /* Games.swift */,
				479CB0121E168FE000176D02 /* CountdownModel.swift */,
				4772ABF71E265B7400AA9E57 /* DropItemModel.swift */,
				841ED76B1E3906F300210F31 /* SimonSaysModel.swift */,
				841ED7751E392E1800210F31 /* CableModel.swift */,
				841ED7771E39312700210F31 /* SeitenschneiderModel.swift */,
			);
			name = Model;
			sourceTree = "<group>";
		};
		47DE44511E0BC90A006A20A4 /* Minigames */ = {
			isa = PBXGroup;
			children = (
				47C062351E152EA900C25292 /* Controller */,
				47C062361E152EB900C25292 /* XIB */,
				47C062371E152ED500C25292 /* Model */,
				4744C6071E29419D00CF739C /* GameLogic */,
				FAB1C49C1E14235D00981731 /* Util */,
			);
			name = Minigames;
			sourceTree = "<group>";
		};
		6A4AA0691E2B069C00834712 /* Connection */ = {
			isa = PBXGroup;
			children = (
				6A4AA06C1E2BF4DF00834712 /* Model */,
			);
			name = Connection;
			sourceTree = "<group>";
		};
		6A4AA06C1E2BF4DF00834712 /* Model */ = {
			isa = PBXGroup;
			children = (
				6AB8F03F1E39F13000C18953 /* BluetoothController.swift */,
				6A4AA0631E2B063D00834712 /* Definitions.swift */,
				6A4AA06D1E2BF50700834712 /* BTLECentralModel.swift */,
				6A4AA06F1E2BF51600834712 /* BTLEPeripheralModel.swift */,
				6A4AA0711E30E9C900834712 /* ConnectingDelegate.swift */,
				6A2ACBDC1E321ED100118070 /* ItemDecoder.swift */,
			);
			name = Model;
			sourceTree = "<group>";
		};
		8497B5921DE6FFC60039E35C = {
			isa = PBXGroup;
			children = (
				8497B59D1DE6FFC60039E35C /* Klaus */,
				8497B5B41DE6FFC60039E35C /* KlausTests */,
				8497B5BF1DE6FFC60039E35C /* KlausUITests */,
				8497B59C1DE6FFC60039E35C /* Products */,
			);
			sourceTree = "<group>";
		};
		8497B59C1DE6FFC60039E35C /* Products */ = {
			isa = PBXGroup;
			children = (
				8497B59B1DE6FFC60039E35C /* Klaus.app */,
				8497B5B11DE6FFC60039E35C /* KlausTests.xctest */,
				8497B5BC1DE6FFC60039E35C /* KlausUITests.xctest */,
			);
			name = Products;
			sourceTree = "<group>";
		};
		8497B59D1DE6FFC60039E35C /* Klaus */ = {
			isa = PBXGroup;
			children = (
				6A2ACBD61E32035D00118070 /* NotificationCenterKeys.swift */,
				6A4AA0691E2B069C00834712 /* Connection */,
				8497B59E1DE6FFC60039E35C /* AppDelegate.swift */,
				8497B5A91DE6FFC60039E35C /* LaunchScreen.storyboard */,
				8497B5AC1DE6FFC60039E35C /* Info.plist */,
				FAB1C49B1E14231D00981731 /* Scenes */,
				FAB1C49A1E1422EB00981731 /* DataModel */,
				47DE44511E0BC90A006A20A4 /* Minigames */,
				FAB4B3161E38D946003408FE /* Assets.xcassets */,
			);
			path = Klaus;
			sourceTree = "<group>";
		};
		8497B5B41DE6FFC60039E35C /* KlausTests */ = {
			isa = PBXGroup;
			children = (
				8497B5B51DE6FFC60039E35C /* KlausTests.swift */,
				8497B5B71DE6FFC60039E35C /* Info.plist */,
			);
			path = KlausTests;
			sourceTree = "<group>";
		};
		8497B5BF1DE6FFC60039E35C /* KlausUITests */ = {
			isa = PBXGroup;
			children = (
				8497B5C01DE6FFC60039E35C /* KlausUITests.swift */,
				8497B5C21DE6FFC60039E35C /* Info.plist */,
			);
			path = KlausUITests;
			sourceTree = "<group>";
		};
		FAB1C4911E14204E00981731 /* Player */ = {
			isa = PBXGroup;
			children = (
				FAB1C4891E14144000981731 /* PlayerItemCollectionViewCell.swift */,
				FAB1C47D1E14056D00981731 /* PlayerProfileViewController.swift */,
				FAB1C47F1E14081E00981731 /* PlayerItemDetailViewController.swift */,
				FAB1C4851E14108700981731 /* PlayerItemCollectionViewController.swift */,
			);
			name = Player;
			sourceTree = "<group>";
		};
		FAB1C4921E14205F00981731 /* Enemy */ = {
			isa = PBXGroup;
			children = (
				FAB1C4981E14229C00981731 /* Controller */,
				FAB1C4951E14222000981731 /* View */,
			);
			name = Enemy;
			sourceTree = "<group>";
		};
		FAB1C4931E14206C00981731 /* Common */ = {
			isa = PBXGroup;
			children = (
				FAB1C4971E14228A00981731 /* Controller */,
				FAB1C4961E14223500981731 /* View */,
			);
			name = Common;
			sourceTree = "<group>";
		};
		FAB1C4951E14222000981731 /* View */ = {
			isa = PBXGroup;
			children = (
				FAB1C4771E13F12C00981731 /* EnemyTableViewCell.swift */,
				FAB1C48F1E141F1600981731 /* EnemyItemCollectionViewCell.swift */,
				FAB1C4751E13EDFB00981731 /* EnemyTableView.swift */,
				FAB1C47B1E13FCC000981731 /* EnemyListView.swift */,
			);
			name = View;
			sourceTree = "<group>";
		};
		FAB1C4961E14223500981731 /* View */ = {
			isa = PBXGroup;
			children = (
				FA6E5B091E08380600F88FFC /* ItemCollectionViewCell.swift */,
				FAB1C45D1E0ED45C00981731 /* ItemCollectionView.swift */,
				FAB1C4631E0FDE5F00981731 /* ProfileView.swift */,
				FAB1C4691E117E1800981731 /* ItemDetailView.swift */,
			);
			name = View;
			sourceTree = "<group>";
		};
		FAB1C4971E14228A00981731 /* Controller */ = {
			isa = PBXGroup;
			children = (
				FAB1C46F1E11BA8800981731 /* MainTabBarController.swift */,
				FA161E201E07F87E001450E8 /* ItemCollectionViewController.swift */,
				FAB1C4651E0FE20800981731 /* ProfileViewController.swift */,
				FAB1C4671E117DFF00981731 /* ItemDetailViewController.swift */,
				FA8D53491E34139600C96370 /* LoginViewController.swift */,
				FA8D534B1E341A1300C96370 /* TutorialPageViewController.swift */,
				FA8D534D1E341E7B00C96370 /* AvatarViewController.swift */,
			);
			name = Controller;
			sourceTree = "<group>";
		};
		FAB1C4981E14229C00981731 /* Controller */ = {
			isa = PBXGroup;
			children = (
				FAB1C4731E13EDAA00981731 /* EnemyTableViewController.swift */,
				FAB1C4791E13FCA700981731 /* EnemyListViewController.swift */,
				FAB1C4831E14089E00981731 /* EnemyProfileViewController.swift */,
				FAB1C4871E1410A900981731 /* EnemyItemCollectionViewController.swift */,
				FAB1C4811E14087E00981731 /* EnemyItemDetailViewController.swift */,
			);
			name = Controller;
			sourceTree = "<group>";
		};
		FAB1C49A1E1422EB00981731 /* DataModel */ = {
			isa = PBXGroup;
			children = (
				FA8D53371E33B3C400C96370 /* AxeItem.swift */,
				FA161E221E07F957001450E8 /* PlayerProfile.swift */,
				FA161E241E07FD29001450E8 /* Item.swift */,
				FA2A05131E1569390079CD2A /* Profile.swift */,
				FA2A05151E15694C0079CD2A /* EnemyProfile.swift */,
				FA2A05171E15725D0079CD2A /* AppModel.swift */,
				FA8D53391E33B40900C96370 /* CoffeeItem.swift */,
				841ED7651E39048C00210F31 /* AlarmItem.swift */,
				841ED76F1E391D9100210F31 /* SeitenschneiderItem.swift */,
			);
			name = DataModel;
			sourceTree = "<group>";
		};
		FAB1C49B1E14231D00981731 /* Scenes */ = {
			isa = PBXGroup;
			children = (
				FAB1C4931E14206C00981731 /* Common */,
				FAB1C4921E14205F00981731 /* Enemy */,
				FAB1C4911E14204E00981731 /* Player */,
			);
			name = Scenes;
			sourceTree = "<group>";
		};
		FAB1C49C1E14235D00981731 /* Util */ = {
			isa = PBXGroup;
			children = (
				FAB1C46B1E11AB9600981731 /* Style.swift */,
				479CB0101E168A9300176D02 /* Strings.swift */,
				FAB4B3141E38CE65003408FE /* Config.swift */,
				841ED76D1E39072700210F31 /* StopwatchTimer.swift */,
				FABB862C1E39F851003657CC /* Color.swift */,
			);
			name = Util;
			sourceTree = "<group>";
		};
/* End PBXGroup section */

/* Begin PBXNativeTarget section */
		8497B59A1DE6FFC60039E35C /* Klaus */ = {
			isa = PBXNativeTarget;
			buildConfigurationList = 8497B5C51DE6FFC60039E35C /* Build configuration list for PBXNativeTarget "Klaus" */;
			buildPhases = (
				8497B5971DE6FFC60039E35C /* Sources */,
				8497B5981DE6FFC60039E35C /* Frameworks */,
				8497B5991DE6FFC60039E35C /* Resources */,
			);
			buildRules = (
			);
			dependencies = (
			);
			name = Klaus;
			productName = Klaus;
			productReference = 8497B59B1DE6FFC60039E35C /* Klaus.app */;
			productType = "com.apple.product-type.application";
		};
		8497B5B01DE6FFC60039E35C /* KlausTests */ = {
			isa = PBXNativeTarget;
			buildConfigurationList = 8497B5C81DE6FFC60039E35C /* Build configuration list for PBXNativeTarget "KlausTests" */;
			buildPhases = (
				8497B5AD1DE6FFC60039E35C /* Sources */,
				8497B5AE1DE6FFC60039E35C /* Frameworks */,
				8497B5AF1DE6FFC60039E35C /* Resources */,
			);
			buildRules = (
			);
			dependencies = (
				8497B5B31DE6FFC60039E35C /* PBXTargetDependency */,
			);
			name = KlausTests;
			productName = KlausTests;
			productReference = 8497B5B11DE6FFC60039E35C /* KlausTests.xctest */;
			productType = "com.apple.product-type.bundle.unit-test";
		};
		8497B5BB1DE6FFC60039E35C /* KlausUITests */ = {
			isa = PBXNativeTarget;
			buildConfigurationList = 8497B5CB1DE6FFC60039E35C /* Build configuration list for PBXNativeTarget "KlausUITests" */;
			buildPhases = (
				8497B5B81DE6FFC60039E35C /* Sources */,
				8497B5B91DE6FFC60039E35C /* Frameworks */,
				8497B5BA1DE6FFC60039E35C /* Resources */,
			);
			buildRules = (
			);
			dependencies = (
				8497B5BE1DE6FFC60039E35C /* PBXTargetDependency */,
			);
			name = KlausUITests;
			productName = KlausUITests;
			productReference = 8497B5BC1DE6FFC60039E35C /* KlausUITests.xctest */;
			productType = "com.apple.product-type.bundle.ui-testing";
		};
/* End PBXNativeTarget section */

/* Begin PBXProject section */
		8497B5931DE6FFC60039E35C /* Project object */ = {
			isa = PBXProject;
			attributes = {
				LastSwiftUpdateCheck = 0810;
				LastUpgradeCheck = 0820;
				ORGANIZATIONNAME = "Nimm Swag";
				TargetAttributes = {
					8497B59A1DE6FFC60039E35C = {
						CreatedOnToolsVersion = 8.1;
						DevelopmentTeam = MJPF8FFZ6P;
						ProvisioningStyle = Automatic;
					};
					8497B5B01DE6FFC60039E35C = {
						CreatedOnToolsVersion = 8.1;
						DevelopmentTeam = 87X3F5FDGG;
						ProvisioningStyle = Automatic;
						TestTargetID = 8497B59A1DE6FFC60039E35C;
					};
					8497B5BB1DE6FFC60039E35C = {
						CreatedOnToolsVersion = 8.1;
						DevelopmentTeam = 87X3F5FDGG;
						ProvisioningStyle = Automatic;
						TestTargetID = 8497B59A1DE6FFC60039E35C;
					};
				};
			};
			buildConfigurationList = 8497B5961DE6FFC60039E35C /* Build configuration list for PBXProject "Klaus" */;
			compatibilityVersion = "Xcode 3.2";
			developmentRegion = English;
			hasScannedForEncodings = 0;
			knownRegions = (
				en,
				Base,
			);
			mainGroup = 8497B5921DE6FFC60039E35C;
			productRefGroup = 8497B59C1DE6FFC60039E35C /* Products */;
			projectDirPath = "";
			projectRoot = "";
			targets = (
				8497B59A1DE6FFC60039E35C /* Klaus */,
				8497B5B01DE6FFC60039E35C /* KlausTests */,
				8497B5BB1DE6FFC60039E35C /* KlausUITests */,
			);
		};
/* End PBXProject section */

/* Begin PBXResourcesBuildPhase section */
		8497B5991DE6FFC60039E35C /* Resources */ = {
			isa = PBXResourcesBuildPhase;
			buildActionMask = 2147483647;
			files = (
				47C0622A1E15274200C25292 /* ExplanationViewController.xib in Resources */,
				47C062341E152B8100C25292 /* ResultViewController.xib in Resources */,
				841ED7741E391EE300210F31 /* SeitenschneiderViewController.xib in Resources */,
				8497B5AB1DE6FFC60039E35C /* LaunchScreen.storyboard in Resources */,
				FAB4B3171E38D947003408FE /* Assets.xcassets in Resources */,
				841ED76A1E39061E00210F31 /* SimonSaysViewController.xib in Resources */,
				4772ABF61E2655EC00AA9E57 /* ShelfGameViewController.xib in Resources */,
				47C0622E1E15292A00C25292 /* AxeGameViewController.xib in Resources */,
			);
			runOnlyForDeploymentPostprocessing = 0;
		};
		8497B5AF1DE6FFC60039E35C /* Resources */ = {
			isa = PBXResourcesBuildPhase;
			buildActionMask = 2147483647;
			files = (
			);
			runOnlyForDeploymentPostprocessing = 0;
		};
		8497B5BA1DE6FFC60039E35C /* Resources */ = {
			isa = PBXResourcesBuildPhase;
			buildActionMask = 2147483647;
			files = (
			);
			runOnlyForDeploymentPostprocessing = 0;
		};
/* End PBXResourcesBuildPhase section */

/* Begin PBXSourcesBuildPhase section */
		8497B5971DE6FFC60039E35C /* Sources */ = {
			isa = PBXSourcesBuildPhase;
			buildActionMask = 2147483647;
			files = (
				47C062291E15274200C25292 /* ExplanationViewController.swift in Sources */,
				841ED76E1E39072700210F31 /* StopwatchTimer.swift in Sources */,
				FAB1C4761E13EDFB00981731 /* EnemyTableView.swift in Sources */,
				FAB1C47C1E13FCC000981731 /* EnemyListView.swift in Sources */,
				8497B59F1DE6FFC60039E35C /* AppDelegate.swift in Sources */,
				FAB1C4841E14089E00981731 /* EnemyProfileViewController.swift in Sources */,
				841ED7691E39061E00210F31 /* SimonSaysViewController.swift in Sources */,
				841ED7761E392E1800210F31 /* CableModel.swift in Sources */,
				4772ABF51E2655EC00AA9E57 /* ShelfGameViewController.swift in Sources */,
				FAB1C4741E13EDAB00981731 /* EnemyTableViewController.swift in Sources */,
				FAB1C4701E11BA8800981731 /* MainTabBarController.swift in Sources */,
				FA6E5B0A1E08380600F88FFC /* ItemCollectionViewCell.swift in Sources */,
				47C0622D1E15292A00C25292 /* AxeGameViewController.swift in Sources */,
				FAB1C47A1E13FCA700981731 /* EnemyListViewController.swift in Sources */,
				FA8D534E1E341E7B00C96370 /* AvatarViewController.swift in Sources */,
				FA161E211E07F87E001450E8 /* ItemCollectionViewController.swift in Sources */,
				6A2ACBD71E32035D00118070 /* NotificationCenterKeys.swift in Sources */,
				841ED7701E391D9100210F31 /* SeitenschneiderItem.swift in Sources */,
				FAB1C4801E14081E00981731 /* PlayerItemDetailViewController.swift in Sources */,
				6A4AA0701E2BF51600834712 /* BTLEPeripheralModel.swift in Sources */,
				6A2ACBDD1E321ED100118070 /* ItemDecoder.swift in Sources */,
				6A4AA06E1E2BF50700834712 /* BTLECentralModel.swift in Sources */,
				479CB0111E168A9300176D02 /* Strings.swift in Sources */,
				FAB1C4861E14108700981731 /* PlayerItemCollectionViewController.swift in Sources */,
				FAB1C45E1E0ED45C00981731 /* ItemCollectionView.swift in Sources */,
				FAB1C48A1E14144000981731 /* PlayerItemCollectionViewCell.swift in Sources */,
				841ED7661E39048C00210F31 /* AlarmItem.swift in Sources */,
				4744C6061E293B1F00CF739C /* ShelfGameLogic.swift in Sources */,
				FA8D534A1E34139600C96370 /* LoginViewController.swift in Sources */,
				47C0623D1E1542EC00C25292 /* Games.swift in Sources */,
				4772ABF81E265B7400AA9E57 /* DropItemModel.swift in Sources */,
				FAB1C46C1E11AB9600981731 /* Style.swift in Sources */,
				FAB1C4681E117DFF00981731 /* ItemDetailViewController.swift in Sources */,
				479CB0131E168FE000176D02 /* CountdownModel.swift in Sources */,
				FAB1C47E1E14056D00981731 /* PlayerProfileViewController.swift in Sources */,
				FAB1C4901E141F1600981731 /* EnemyItemCollectionViewCell.swift in Sources */,
				FA161E231E07F957001450E8 /* PlayerProfile.swift in Sources */,
				FA8D533A1E33B40900C96370 /* CoffeeItem.swift in Sources */,
				FAB1C4661E0FE20800981731 /* ProfileViewController.swift in Sources */,
				841ED7781E39312700210F31 /* SeitenschneiderModel.swift in Sources */,
				6A4AA0641E2B063D00834712 /* Definitions.swift in Sources */,
				841ED76C1E3906F300210F31 /* SimonSaysModel.swift in Sources */,
				FA2A05161E15694C0079CD2A /* EnemyProfile.swift in Sources */,
				FA161E251E07FD29001450E8 /* Item.swift in Sources */,
				FAB4B3151E38CE65003408FE /* Config.swift in Sources */,
				FA8D53381E33B3C400C96370 /* AxeItem.swift in Sources */,
				FAB1C4781E13F12C00981731 /* EnemyTableViewCell.swift in Sources */,
				FA8D534C1E341A1300C96370 /* TutorialPageViewController.swift in Sources */,
				FA2A05141E1569390079CD2A /* Profile.swift in Sources */,
				FA2A05181E15725E0079CD2A /* AppModel.swift in Sources */,
				FAB1C46A1E117E1800981731 /* ItemDetailView.swift in Sources */,
				841ED7731E391EE200210F31 /* SeitenschneiderViewController.swift in Sources */,
				FABB862D1E39F852003657CC /* Color.swift in Sources */,
				FAB1C4881E1410A900981731 /* EnemyItemCollectionViewController.swift in Sources */,
				47C062301E152B0800C25292 /* AccelerometerModel.swift in Sources */,
				47C062331E152B8100C25292 /* ResultViewController.swift in Sources */,
				6A4AA0721E30E9C900834712 /* ConnectingDelegate.swift in Sources */,
				FAB1C4641E0FDE5F00981731 /* ProfileView.swift in Sources */,
				6AB8F0401E39F13000C18953 /* BluetoothController.swift in Sources */,
				FAB1C4821E14087E00981731 /* EnemyItemDetailViewController.swift in Sources */,
			);
			runOnlyForDeploymentPostprocessing = 0;
		};
		8497B5AD1DE6FFC60039E35C /* Sources */ = {
			isa = PBXSourcesBuildPhase;
			buildActionMask = 2147483647;
			files = (
				8497B5B61DE6FFC60039E35C /* KlausTests.swift in Sources */,
			);
			runOnlyForDeploymentPostprocessing = 0;
		};
		8497B5B81DE6FFC60039E35C /* Sources */ = {
			isa = PBXSourcesBuildPhase;
			buildActionMask = 2147483647;
			files = (
				8497B5C11DE6FFC60039E35C /* KlausUITests.swift in Sources */,
			);
			runOnlyForDeploymentPostprocessing = 0;
		};
/* End PBXSourcesBuildPhase section */

/* Begin PBXTargetDependency section */
		8497B5B31DE6FFC60039E35C /* PBXTargetDependency */ = {
			isa = PBXTargetDependency;
			target = 8497B59A1DE6FFC60039E35C /* Klaus */;
			targetProxy = 8497B5B21DE6FFC60039E35C /* PBXContainerItemProxy */;
		};
		8497B5BE1DE6FFC60039E35C /* PBXTargetDependency */ = {
			isa = PBXTargetDependency;
			target = 8497B59A1DE6FFC60039E35C /* Klaus */;
			targetProxy = 8497B5BD1DE6FFC60039E35C /* PBXContainerItemProxy */;
		};
/* End PBXTargetDependency section */

/* Begin PBXVariantGroup section */
		8497B5A91DE6FFC60039E35C /* LaunchScreen.storyboard */ = {
			isa = PBXVariantGroup;
			children = (
				8497B5AA1DE6FFC60039E35C /* Base */,
			);
			name = LaunchScreen.storyboard;
			sourceTree = "<group>";
		};
/* End PBXVariantGroup section */

/* Begin XCBuildConfiguration section */
		8497B5C31DE6FFC60039E35C /* Debug */ = {
			isa = XCBuildConfiguration;
			buildSettings = {
				ALWAYS_SEARCH_USER_PATHS = NO;
				CLANG_ANALYZER_NONNULL = YES;
				CLANG_CXX_LANGUAGE_STANDARD = "gnu++0x";
				CLANG_CXX_LIBRARY = "libc++";
				CLANG_ENABLE_MODULES = YES;
				CLANG_ENABLE_OBJC_ARC = YES;
				CLANG_WARN_BOOL_CONVERSION = YES;
				CLANG_WARN_CONSTANT_CONVERSION = YES;
				CLANG_WARN_DIRECT_OBJC_ISA_USAGE = YES_ERROR;
				CLANG_WARN_DOCUMENTATION_COMMENTS = YES;
				CLANG_WARN_EMPTY_BODY = YES;
				CLANG_WARN_ENUM_CONVERSION = YES;
				CLANG_WARN_INFINITE_RECURSION = YES;
				CLANG_WARN_INT_CONVERSION = YES;
				CLANG_WARN_OBJC_ROOT_CLASS = YES_ERROR;
				CLANG_WARN_SUSPICIOUS_MOVES = YES;
				CLANG_WARN_UNREACHABLE_CODE = YES;
				CLANG_WARN__DUPLICATE_METHOD_MATCH = YES;
				"CODE_SIGN_IDENTITY[sdk=iphoneos*]" = "iPhone Developer";
				COPY_PHASE_STRIP = NO;
				DEBUG_INFORMATION_FORMAT = dwarf;
				ENABLE_STRICT_OBJC_MSGSEND = YES;
				ENABLE_TESTABILITY = YES;
				GCC_C_LANGUAGE_STANDARD = gnu99;
				GCC_DYNAMIC_NO_PIC = NO;
				GCC_NO_COMMON_BLOCKS = YES;
				GCC_OPTIMIZATION_LEVEL = 0;
				GCC_PREPROCESSOR_DEFINITIONS = (
					"DEBUG=1",
					"$(inherited)",
				);
				GCC_WARN_64_TO_32_BIT_CONVERSION = YES;
				GCC_WARN_ABOUT_RETURN_TYPE = YES_ERROR;
				GCC_WARN_UNDECLARED_SELECTOR = YES;
				GCC_WARN_UNINITIALIZED_AUTOS = YES_AGGRESSIVE;
				GCC_WARN_UNUSED_FUNCTION = YES;
				GCC_WARN_UNUSED_VARIABLE = YES;
				IPHONEOS_DEPLOYMENT_TARGET = 10.1;
				MTL_ENABLE_DEBUG_INFO = YES;
				ONLY_ACTIVE_ARCH = YES;
				SDKROOT = iphoneos;
				SWIFT_ACTIVE_COMPILATION_CONDITIONS = DEBUG;
				SWIFT_OPTIMIZATION_LEVEL = "-Onone";
				TARGETED_DEVICE_FAMILY = "1,2";
			};
			name = Debug;
		};
		8497B5C41DE6FFC60039E35C /* Release */ = {
			isa = XCBuildConfiguration;
			buildSettings = {
				ALWAYS_SEARCH_USER_PATHS = NO;
				CLANG_ANALYZER_NONNULL = YES;
				CLANG_CXX_LANGUAGE_STANDARD = "gnu++0x";
				CLANG_CXX_LIBRARY = "libc++";
				CLANG_ENABLE_MODULES = YES;
				CLANG_ENABLE_OBJC_ARC = YES;
				CLANG_WARN_BOOL_CONVERSION = YES;
				CLANG_WARN_CONSTANT_CONVERSION = YES;
				CLANG_WARN_DIRECT_OBJC_ISA_USAGE = YES_ERROR;
				CLANG_WARN_DOCUMENTATION_COMMENTS = YES;
				CLANG_WARN_EMPTY_BODY = YES;
				CLANG_WARN_ENUM_CONVERSION = YES;
				CLANG_WARN_INFINITE_RECURSION = YES;
				CLANG_WARN_INT_CONVERSION = YES;
				CLANG_WARN_OBJC_ROOT_CLASS = YES_ERROR;
				CLANG_WARN_SUSPICIOUS_MOVES = YES;
				CLANG_WARN_UNREACHABLE_CODE = YES;
				CLANG_WARN__DUPLICATE_METHOD_MATCH = YES;
				"CODE_SIGN_IDENTITY[sdk=iphoneos*]" = "iPhone Developer";
				COPY_PHASE_STRIP = NO;
				DEBUG_INFORMATION_FORMAT = "dwarf-with-dsym";
				ENABLE_NS_ASSERTIONS = NO;
				ENABLE_STRICT_OBJC_MSGSEND = YES;
				GCC_C_LANGUAGE_STANDARD = gnu99;
				GCC_NO_COMMON_BLOCKS = YES;
				GCC_WARN_64_TO_32_BIT_CONVERSION = YES;
				GCC_WARN_ABOUT_RETURN_TYPE = YES_ERROR;
				GCC_WARN_UNDECLARED_SELECTOR = YES;
				GCC_WARN_UNINITIALIZED_AUTOS = YES_AGGRESSIVE;
				GCC_WARN_UNUSED_FUNCTION = YES;
				GCC_WARN_UNUSED_VARIABLE = YES;
				IPHONEOS_DEPLOYMENT_TARGET = 10.1;
				MTL_ENABLE_DEBUG_INFO = NO;
				SDKROOT = iphoneos;
				SWIFT_OPTIMIZATION_LEVEL = "-Owholemodule";
				TARGETED_DEVICE_FAMILY = "1,2";
				VALIDATE_PRODUCT = YES;
			};
			name = Release;
		};
		8497B5C61DE6FFC60039E35C /* Debug */ = {
			isa = XCBuildConfiguration;
			buildSettings = {
				ASSETCATALOG_COMPILER_APPICON_NAME = AppIcon;
				DEVELOPMENT_TEAM = MJPF8FFZ6P;
				INFOPLIST_FILE = Klaus/Info.plist;
				IPHONEOS_DEPLOYMENT_TARGET = 10.0;
				LD_RUNPATH_SEARCH_PATHS = "$(inherited) @executable_path/Frameworks";
				PRODUCT_BUNDLE_IDENTIFIER = nimmswagggy;
				PRODUCT_NAME = "$(TARGET_NAME)";
				SWIFT_VERSION = 3.0;
				TARGETED_DEVICE_FAMILY = 1;
			};
			name = Debug;
		};
		8497B5C71DE6FFC60039E35C /* Release */ = {
			isa = XCBuildConfiguration;
			buildSettings = {
				ASSETCATALOG_COMPILER_APPICON_NAME = AppIcon;
				DEVELOPMENT_TEAM = MJPF8FFZ6P;
				INFOPLIST_FILE = Klaus/Info.plist;
				IPHONEOS_DEPLOYMENT_TARGET = 10.0;
				LD_RUNPATH_SEARCH_PATHS = "$(inherited) @executable_path/Frameworks";
				PRODUCT_BUNDLE_IDENTIFIER = nimmswagggy;
				PRODUCT_NAME = "$(TARGET_NAME)";
				SWIFT_VERSION = 3.0;
				TARGETED_DEVICE_FAMILY = 1;
			};
			name = Release;
		};
		8497B5C91DE6FFC60039E35C /* Debug */ = {
			isa = XCBuildConfiguration;
			buildSettings = {
				ALWAYS_EMBED_SWIFT_STANDARD_LIBRARIES = YES;
				BUNDLE_LOADER = "$(TEST_HOST)";
				DEVELOPMENT_TEAM = 87X3F5FDGG;
				INFOPLIST_FILE = KlausTests/Info.plist;
				LD_RUNPATH_SEARCH_PATHS = "$(inherited) @executable_path/Frameworks @loader_path/Frameworks";
				PRODUCT_BUNDLE_IDENTIFIER = nimmswag.de.KlausTests;
				PRODUCT_NAME = "$(TARGET_NAME)";
				SWIFT_VERSION = 3.0;
				TEST_HOST = "$(BUILT_PRODUCTS_DIR)/Klaus.app/Klaus";
			};
			name = Debug;
		};
		8497B5CA1DE6FFC60039E35C /* Release */ = {
			isa = XCBuildConfiguration;
			buildSettings = {
				ALWAYS_EMBED_SWIFT_STANDARD_LIBRARIES = YES;
				BUNDLE_LOADER = "$(TEST_HOST)";
				DEVELOPMENT_TEAM = 87X3F5FDGG;
				INFOPLIST_FILE = KlausTests/Info.plist;
				LD_RUNPATH_SEARCH_PATHS = "$(inherited) @executable_path/Frameworks @loader_path/Frameworks";
				PRODUCT_BUNDLE_IDENTIFIER = nimmswag.de.KlausTests;
				PRODUCT_NAME = "$(TARGET_NAME)";
				SWIFT_VERSION = 3.0;
				TEST_HOST = "$(BUILT_PRODUCTS_DIR)/Klaus.app/Klaus";
			};
			name = Release;
		};
		8497B5CC1DE6FFC60039E35C /* Debug */ = {
			isa = XCBuildConfiguration;
			buildSettings = {
				ALWAYS_EMBED_SWIFT_STANDARD_LIBRARIES = YES;
				DEVELOPMENT_TEAM = 87X3F5FDGG;
				INFOPLIST_FILE = KlausUITests/Info.plist;
				LD_RUNPATH_SEARCH_PATHS = "$(inherited) @executable_path/Frameworks @loader_path/Frameworks";
				PRODUCT_BUNDLE_IDENTIFIER = nimmswagg.de.KlausUITests;
				PRODUCT_NAME = "$(TARGET_NAME)";
				SWIFT_VERSION = 3.0;
				TEST_TARGET_NAME = Klaus;
			};
			name = Debug;
		};
		8497B5CD1DE6FFC60039E35C /* Release */ = {
			isa = XCBuildConfiguration;
			buildSettings = {
				ALWAYS_EMBED_SWIFT_STANDARD_LIBRARIES = YES;
				DEVELOPMENT_TEAM = 87X3F5FDGG;
				INFOPLIST_FILE = KlausUITests/Info.plist;
				LD_RUNPATH_SEARCH_PATHS = "$(inherited) @executable_path/Frameworks @loader_path/Frameworks";
				PRODUCT_BUNDLE_IDENTIFIER = nimmswagg.de.KlausUITests;
				PRODUCT_NAME = "$(TARGET_NAME)";
				SWIFT_VERSION = 3.0;
				TEST_TARGET_NAME = Klaus;
			};
			name = Release;
		};
/* End XCBuildConfiguration section */

/* Begin XCConfigurationList section */
		8497B5961DE6FFC60039E35C /* Build configuration list for PBXProject "Klaus" */ = {
			isa = XCConfigurationList;
			buildConfigurations = (
				8497B5C31DE6FFC60039E35C /* Debug */,
				8497B5C41DE6FFC60039E35C /* Release */,
			);
			defaultConfigurationIsVisible = 0;
			defaultConfigurationName = Release;
		};
		8497B5C51DE6FFC60039E35C /* Build configuration list for PBXNativeTarget "Klaus" */ = {
			isa = XCConfigurationList;
			buildConfigurations = (
				8497B5C61DE6FFC60039E35C /* Debug */,
				8497B5C71DE6FFC60039E35C /* Release */,
			);
			defaultConfigurationIsVisible = 0;
			defaultConfigurationName = Release;
		};
		8497B5C81DE6FFC60039E35C /* Build configuration list for PBXNativeTarget "KlausTests" */ = {
			isa = XCConfigurationList;
			buildConfigurations = (
				8497B5C91DE6FFC60039E35C /* Debug */,
				8497B5CA1DE6FFC60039E35C /* Release */,
			);
			defaultConfigurationIsVisible = 0;
			defaultConfigurationName = Release;
		};
		8497B5CB1DE6FFC60039E35C /* Build configuration list for PBXNativeTarget "KlausUITests" */ = {
			isa = XCConfigurationList;
			buildConfigurations = (
				8497B5CC1DE6FFC60039E35C /* Debug */,
				8497B5CD1DE6FFC60039E35C /* Release */,
			);
			defaultConfigurationIsVisible = 0;
			defaultConfigurationName = Release;
		};
/* End XCConfigurationList section */
	};
	rootObject = 8497B5931DE6FFC60039E35C /* Project object */;
}
